
Microsoft Visual Studio Solution File, Format Version 12.00
# Visual Studio Version 17
VisualStudioVersion = 17.3.32929.385
MinimumVisualStudioVersion = 10.0.40219.1
Project("{FAE04EC0-301F-11D3-BF4B-00C04F79EFBC}") = "PillarSoftware", "WindowsFormsApplication4\PillarSoftware.csproj", "{F8F60C57-5A1C-4572-B9A9-112F3312E1EE}"
EndProject
Global
	GlobalSection(SolutionConfigurationPlatforms) = preSolution
		Debug|Any CPU = Debug|Any CPU
		Release|Any CPU = Release|Any CPU
	EndGlobalSection
	GlobalSection(ProjectConfigurationPlatforms) = postSolution
		{F8F60C57-5A1C-4572-B9A9-112F3312E1EE}.Debug|Any CPU.ActiveCfg = Debug|Any CPU
		{F8F60C57-5A1C-4572-B9A9-112F3312E1EE}.Debug|Any CPU.Build.0 = Debug|Any CPU
		{F8F60C57-5A1C-4572-B9A9-112F3312E1EE}.Release|Any CPU.ActiveCfg = Release|Any CPU
		{F8F60C57-5A1C-4572-B9A9-112F3312E1EE}.Release|Any CPU.Build.0 = Release|Any CPU
	EndGlobalSection
	GlobalSection(SolutionProperties) = preSolution
		HideSolutionNode = FALSE
	EndGlobalSection
	GlobalSection(ExtensibilityGlobals) = postSolution
		SolutionGuid = {29A696FC-D3CE-47C3-9500-6804E0685E03}
	EndGlobalSection
EndGlobal
